speakeasyVersion: 1.495.2
sources:
    Redmine API:
        sourceNamespace: redmine-api
        sourceRevisionDigest: sha256:df62395ebb66abdc6e12768e6024c04d0d2eed2019059457b3442f5520596808
        sourceBlobDigest: sha256:37dc79f32cf67f4806d8e348882d08023c8dd2795a660f26591e4c4b54739355
        tags:
            - latest
            - 0.16.0
targets:
    go-redmine:
        source: Redmine API
        sourceNamespace: redmine-api
        sourceRevisionDigest: sha256:df62395ebb66abdc6e12768e6024c04d0d2eed2019059457b3442f5520596808
        sourceBlobDigest: sha256:37dc79f32cf67f4806d8e348882d08023c8dd2795a660f26591e4c4b54739355
        codeSamplesNamespace: redmine-api-go-code-samples
        codeSamplesRevisionDigest: sha256:40f7425bb876d430e05c8a04cb75a9ebc43daac91e94f8228754533dc57c390b
workflow:
    workflowVersion: 1.0.0
    speakeasyVersion: latest
    sources:
        Redmine API:
            inputs:
                - location: openapi.yaml
            registry:
                location: registry.speakeasyapi.dev/dmji/jikan/redmine-api
    targets:
        go-redmine:
            target: go
            source: Redmine API
            codeSamples:
                registry:
                    location: registry.speakeasyapi.dev/dmji/jikan/redmine-api-go-code-samples
                labelOverride:
                    fixedValue: Go (SDK)
                blocking: false
