speakeasyVersion: 1.495.2
sources:
    Redmine API:
        sourceNamespace: redmine-api
        sourceRevisionDigest: sha256:740a6d3ecb351702966200b93b6e31081215a1397f1ceaf29f74674b18ab8f39
        sourceBlobDigest: sha256:11746c8bfa2cbbd29db6b28b5762eed0e7259cc0f409288efde9d5f2d572583b
        tags:
            - latest
            - 0.16.0
targets:
    go-redmine:
        source: Redmine API
        sourceNamespace: redmine-api
        sourceRevisionDigest: sha256:740a6d3ecb351702966200b93b6e31081215a1397f1ceaf29f74674b18ab8f39
        sourceBlobDigest: sha256:11746c8bfa2cbbd29db6b28b5762eed0e7259cc0f409288efde9d5f2d572583b
        codeSamplesNamespace: redmine-api-go-code-samples
        codeSamplesRevisionDigest: sha256:ea34bc0c60866cdbdd529bb73757c56f18022fa8ee59eda970e60e0e7679e97a
workflow:
    workflowVersion: 1.0.0
    speakeasyVersion: latest
    sources:
        Redmine API:
            inputs:
                - location: ..\redmine-openapi.yaml
            overlays:
                - location: .speakeasy\speakeasy-modifications-overlay.yaml
            registry:
                location: registry.speakeasyapi.dev/dmji/jikan/redmine-api
    targets:
        go-redmine:
            target: go
            source: Redmine API
            codeSamples:
                registry:
                    location: registry.speakeasyapi.dev/dmji/jikan/redmine-api-go-code-samples
                labelOverride:
                    fixedValue: Go (SDK)
                blocking: false
